
Microsoft Visual Studio Solution File, Format Version 12.00
# Visual Studio Version 16
VisualStudioVersion = 16.0.29306.81
MinimumVisualStudioVersion = 10.0.40219.1
Project("{FAE04EC0-301F-11D3-BF4B-00C04F79EFBC}") = "VideoGameStore", "VideoGameStore\VideoGameStore.csproj", "{10BED6DB-AE46-44E1-8779-893A458E6BCC}"
EndProject
Global
	GlobalSection(SolutionConfigurationPlatforms) = preSolution
		Debug|Any CPU = Debug|Any CPU
		Release|Any CPU = Release|Any CPU
	EndGlobalSection
	GlobalSection(ProjectConfigurationPlatforms) = postSolution
		{10BED6DB-AE46-44E1-8779-893A458E6BCC}.Debug|Any CPU.ActiveCfg = Debug|Any CPU
		{10BED6DB-AE46-44E1-8779-893A458E6BCC}.Debug|Any CPU.Build.0 = Debug|Any CPU
		{10BED6DB-AE46-44E1-8779-893A458E6BCC}.Release|Any CPU.ActiveCfg = Release|Any CPU
		{10BED6DB-AE46-44E1-8779-893A458E6BCC}.Release|Any CPU.Build.0 = Release|Any CPU
	EndGlobalSection
	GlobalSection(SolutionProperties) = preSolution
		HideSolutionNode = FALSE
	EndGlobalSection
	GlobalSection(ExtensibilityGlobals) = postSolution
		SolutionGuid = {F666EE65-D77A-48FD-9366-3315DB057E91}
	EndGlobalSection
EndGlobal
